
Microsoft Visual Studio Solution File, Format Version 12.00
# Visual Studio Version 17
VisualStudioVersion = 17.3.32901.215
MinimumVisualStudioVersion = 10.0.40219.1
Project("{FAE04EC0-301F-11D3-BF4B-00C04F79EFBC}") = "Harjoitustyö2", "Harjoitustyö2\Harjoitustyö2.csproj", "{385F7D47-3A5E-43B8-AAB7-4C1EB3AAFC14}"
EndProject
Global
	GlobalSection(SolutionConfigurationPlatforms) = preSolution
		Debug|Any CPU = Debug|Any CPU
		Release|Any CPU = Release|Any CPU
	EndGlobalSection
	GlobalSection(ProjectConfigurationPlatforms) = postSolution
		{385F7D47-3A5E-43B8-AAB7-4C1EB3AAFC14}.Debug|Any CPU.ActiveCfg = Debug|Any CPU
		{385F7D47-3A5E-43B8-AAB7-4C1EB3AAFC14}.Debug|Any CPU.Build.0 = Debug|Any CPU
		{385F7D47-3A5E-43B8-AAB7-4C1EB3AAFC14}.Release|Any CPU.ActiveCfg = Release|Any CPU
		{385F7D47-3A5E-43B8-AAB7-4C1EB3AAFC14}.Release|Any CPU.Build.0 = Release|Any CPU
	EndGlobalSection
	GlobalSection(SolutionProperties) = preSolution
		HideSolutionNode = FALSE
	EndGlobalSection
	GlobalSection(ExtensibilityGlobals) = postSolution
		SolutionGuid = {7EFE6DB9-60BB-4EC0-8F19-EBAC1EA14B21}
	EndGlobalSection
EndGlobal
